
Microsoft Visual Studio Solution File, Format Version 12.00
# Visual Studio Version 16
VisualStudioVersion = 16.0.30225.117
MinimumVisualStudioVersion = 10.0.40219.1
Project("{FAE04EC0-301F-11D3-BF4B-00C04F79EFBC}") = "CSharpExamples", "CSharpExamples\CSharpExamples.csproj", "{0B71902F-D2CC-43C5-9AC1-8355816CC86F}"
EndProject
Project("{FAE04EC0-301F-11D3-BF4B-00C04F79EFBC}") = "CSharpExamplesTests", "CSharpExamplesTests\CSharpExamplesTests.csproj", "{37FA00FB-ABCD-4C9A-AC93-B64BF703AAFC}"
EndProject
Global
	GlobalSection(SolutionConfigurationPlatforms) = preSolution
		Debug|Any CPU = Debug|Any CPU
		Release|Any CPU = Release|Any CPU
	EndGlobalSection
	GlobalSection(ProjectConfigurationPlatforms) = postSolution
		{0B71902F-D2CC-43C5-9AC1-8355816CC86F}.Debug|Any CPU.ActiveCfg = Debug|Any CPU
		{0B71902F-D2CC-43C5-9AC1-8355816CC86F}.Debug|Any CPU.Build.0 = Debug|Any CPU
		{0B71902F-D2CC-43C5-9AC1-8355816CC86F}.Release|Any CPU.ActiveCfg = Release|Any CPU
		{0B71902F-D2CC-43C5-9AC1-8355816CC86F}.Release|Any CPU.Build.0 = Release|Any CPU
		{37FA00FB-ABCD-4C9A-AC93-B64BF703AAFC}.Debug|Any CPU.ActiveCfg = Debug|Any CPU
		{37FA00FB-ABCD-4C9A-AC93-B64BF703AAFC}.Debug|Any CPU.Build.0 = Debug|Any CPU
		{37FA00FB-ABCD-4C9A-AC93-B64BF703AAFC}.Release|Any CPU.ActiveCfg = Release|Any CPU
		{37FA00FB-ABCD-4C9A-AC93-B64BF703AAFC}.Release|Any CPU.Build.0 = Release|Any CPU
	EndGlobalSection
	GlobalSection(SolutionProperties) = preSolution
		HideSolutionNode = FALSE
	EndGlobalSection
	GlobalSection(ExtensibilityGlobals) = postSolution
		SolutionGuid = {A69B63A1-95A5-4E34-A8D9-16E0E77E11CC}
	EndGlobalSection
EndGlobal
